
Microsoft Visual Studio Solution File, Format Version 12.00
# Visual Studio Version 17
VisualStudioVersion = 17.4.33213.308
MinimumVisualStudioVersion = 10.0.40219.1
Project("{9A19103F-16F7-4668-BE54-9A1E7A4F7556}") = "Summator", "Summator\Summator.csproj", "{B3B89578-7D36-4200-9264-8F0511D7A77B}"
EndProject
Project("{FAE04EC0-301F-11D3-BF4B-00C04F79EFBC}") = "SummatorTests", "SummatorTests\SummatorTests.csproj", "{9BF43AA7-512F-4B50-BA33-5E52BB5B12BE}"
EndProject
Global
	GlobalSection(SolutionConfigurationPlatforms) = preSolution
		Debug|Any CPU = Debug|Any CPU
		Release|Any CPU = Release|Any CPU
	EndGlobalSection
	GlobalSection(ProjectConfigurationPlatforms) = postSolution
		{B3B89578-7D36-4200-9264-8F0511D7A77B}.Debug|Any CPU.ActiveCfg = Debug|Any CPU
		{B3B89578-7D36-4200-9264-8F0511D7A77B}.Debug|Any CPU.Build.0 = Debug|Any CPU
		{B3B89578-7D36-4200-9264-8F0511D7A77B}.Release|Any CPU.ActiveCfg = Release|Any CPU
		{B3B89578-7D36-4200-9264-8F0511D7A77B}.Release|Any CPU.Build.0 = Release|Any CPU
		{9BF43AA7-512F-4B50-BA33-5E52BB5B12BE}.Debug|Any CPU.ActiveCfg = Debug|Any CPU
		{9BF43AA7-512F-4B50-BA33-5E52BB5B12BE}.Debug|Any CPU.Build.0 = Debug|Any CPU
		{9BF43AA7-512F-4B50-BA33-5E52BB5B12BE}.Release|Any CPU.ActiveCfg = Release|Any CPU
		{9BF43AA7-512F-4B50-BA33-5E52BB5B12BE}.Release|Any CPU.Build.0 = Release|Any CPU
	EndGlobalSection
	GlobalSection(SolutionProperties) = preSolution
		HideSolutionNode = FALSE
	EndGlobalSection
	GlobalSection(ExtensibilityGlobals) = postSolution
		SolutionGuid = {EAED1647-AC77-4ECD-8EDA-2FE3914CDA37}
	EndGlobalSection
EndGlobal
